// !$*UTF8*$!
{
	archiveVersion = 1;
	classes = {
	};
	objectVersion = 48;
	objects = {

/* Begin PBXBuildFile section */
		84E0DD601FAFFE1100DEEA87 /* AppDelegate.swift in Sources */ = {isa = PBXBuildFile; fileRef = 84E0DD5F1FAFFE1100DEEA87 /* AppDelegate.swift */; };
		84E0DD621FAFFE1100DEEA87 /* ViewController.swift in Sources */ = {isa = PBXBuildFile; fileRef = 84E0DD611FAFFE1100DEEA87 /* ViewController.swift */; };
		84E0DD651FAFFE1100DEEA87 /* Main.storyboard in Resources */ = {isa = PBXBuildFile; fileRef = 84E0DD631FAFFE1100DEEA87 /* Main.storyboard */; };
		84E0DD671FAFFE1100DEEA87 /* Assets.xcassets in Resources */ = {isa = PBXBuildFile; fileRef = 84E0DD661FAFFE1100DEEA87 /* Assets.xcassets */; };
		84E0DD6A1FAFFE1100DEEA87 /* LaunchScreen.storyboard in Resources */ = {isa = PBXBuildFile; fileRef = 84E0DD681FAFFE1100DEEA87 /* LaunchScreen.storyboard */; };
		84E0DD751FAFFE1100DEEA87 /* Rainbow_RoadTests.swift in Sources */ = {isa = PBXBuildFile; fileRef = 84E0DD741FAFFE1100DEEA87 /* Rainbow_RoadTests.swift */; };
		84E0DD801FAFFE1100DEEA87 /* Rainbow_RoadUITests.swift in Sources */ = {isa = PBXBuildFile; fileRef = 84E0DD7F1FAFFE1100DEEA87 /* Rainbow_RoadUITests.swift */; };
/* End PBXBuildFile section */

/* Begin PBXContainerItemProxy section */
		84E0DD711FAFFE1100DEEA87 /* PBXContainerItemProxy */ = {
			isa = PBXContainerItemProxy;
			containerPortal = 84E0DD541FAFFE1100DEEA87 /* Project object */;
			proxyType = 1;
			remoteGlobalIDString = 84E0DD5B1FAFFE1100DEEA87;
			remoteInfo = "Rainbow Road";
		};
		84E0DD7C1FAFFE1100DEEA87 /* PBXContainerItemProxy */ = {
			isa = PBXContainerItemProxy;
			containerPortal = 84E0DD541FAFFE1100DEEA87 /* Project object */;
			proxyType = 1;
			remoteGlobalIDString = 84E0DD5B1FAFFE1100DEEA87;
			remoteInfo = "Rainbow Road";
		};
/* End PBXContainerItemProxy section */

/* Begin PBXFileReference section */
		84E0DD5C1FAFFE1100DEEA87 /* Rainbow Road.app */ = {isa = PBXFileReference; explicitFileType = wrapper.application; includeInIndex = 0; path = "Rainbow Road.app"; sourceTree = BUILT_PRODUCTS_DIR; };
		84E0DD5F1FAFFE1100DEEA87 /* AppDelegate.swift */ = {isa = PBXFileReference; lastKnownFileType = sourcecode.swift; path = AppDelegate.swift; sourceTree = "<group>"; };
		84E0DD611FAFFE1100DEEA87 /* ViewController.swift */ = {isa = PBXFileReference; lastKnownFileType = sourcecode.swift; path = ViewController.swift; sourceTree = "<group>"; };
		84E0DD641FAFFE1100DEEA87 /* Base */ = {isa = PBXFileReference; lastKnownFileType = file.storyboard; name = Base; path = Base.lproj/Main.storyboard; sourceTree = "<group>"; };
		84E0DD661FAFFE1100DEEA87 /* Assets.xcassets */ = {isa = PBXFileReference; lastKnownFileType = folder.assetcatalog; path = Assets.xcassets; sourceTree = "<group>"; };
		84E0DD691FAFFE1100DEEA87 /* Base */ = {isa = PBXFileReference; lastKnownFileType = file.storyboard; name = Base; path = Base.lproj/LaunchScreen.storyboard; sourceTree = "<group>"; };
		84E0DD6B1FAFFE1100DEEA87 /* Info.plist */ = {isa = PBXFileReference; lastKnownFileType = text.plist.xml; path = Info.plist; sourceTree = "<group>"; };
		84E0DD701FAFFE1100DEEA87 /* Rainbow RoadTests.xctest */ = {isa = PBXFileReference; explicitFileType = wrapper.cfbundle; includeInIndex = 0; path = "Rainbow RoadTests.xctest"; sourceTree = BUILT_PRODUCTS_DIR; };
		84E0DD741FAFFE1100DEEA87 /* Rainbow_RoadTests.swift */ = {isa = PBXFileReference; lastKnownFileType = sourcecode.swift; path = Rainbow_RoadTests.swift; sourceTree = "<group>"; };
		84E0DD761FAFFE1100DEEA87 /* Info.plist */ = {isa = PBXFileReference; lastKnownFileType = text.plist.xml; path = Info.plist; sourceTree = "<group>"; };
		84E0DD7B1FAFFE1100DEEA87 /* Rainbow RoadUITests.xctest */ = {isa = PBXFileReference; explicitFileType = wrapper.cfbundle; includeInIndex = 0; path = "Rainbow RoadUITests.xctest"; sourceTree = BUILT_PRODUCTS_DIR; };
		84E0DD7F1FAFFE1100DEEA87 /* Rainbow_RoadUITests.swift */ = {isa = PBXFileReference; lastKnownFileType = sourcecode.swift; path = Rainbow_RoadUITests.swift; sourceTree = "<group>"; };
		84E0DD811FAFFE1100DEEA87 /* Info.plist */ = {isa = PBXFileReference; lastKnownFileType = text.plist.xml; path = Info.plist; sourceTree = "<group>"; };
/* End PBXFileReference section */

/* Begin PBXFrameworksBuildPhase section */
		84E0DD591FAFFE1100DEEA87 /* Frameworks */ = {
			isa = PBXFrameworksBuildPhase;
			buildActionMask = 2147483647;
			files = (
			);
			runOnlyForDeploymentPostprocessing = 0;
		};
		84E0DD6D1FAFFE1100DEEA87 /* Frameworks */ = {
			isa = PBXFrameworksBuildPhase;
			buildActionMask = 2147483647;
			files = (
			);
			runOnlyForDeploymentPostprocessing = 0;
		};
		84E0DD781FAFFE1100DEEA87 /* Frameworks */ = {
			isa = PBXFrameworksBuildPhase;
			buildActionMask = 2147483647;
			files = (
			);
			runOnlyForDeploymentPostprocessing = 0;
		};
/* End PBXFrameworksBuildPhase section */

/* Begin PBXGroup section */
		84E0DD531FAFFE1100DEEA87 = {
			isa = PBXGroup;
			children = (
				84E0DD5E1FAFFE1100DEEA87 /* Rainbow Road */,
				84E0DD731FAFFE1100DEEA87 /* Rainbow RoadTests */,
				84E0DD7E1FAFFE1100DEEA87 /* Rainbow RoadUITests */,
				84E0DD5D1FAFFE1100DEEA87 /* Products */,
			);
			sourceTree = "<group>";
		};
		84E0DD5D1FAFFE1100DEEA87 /* Products */ = {
			isa = PBXGroup;
			children = (
				84E0DD5C1FAFFE1100DEEA87 /* Rainbow Road.app */,
				84E0DD701FAFFE1100DEEA87 /* Rainbow RoadTests.xctest */,
				84E0DD7B1FAFFE1100DEEA87 /* Rainbow RoadUITests.xctest */,
			);
			name = Products;
			sourceTree = "<group>";
		};
		84E0DD5E1FAFFE1100DEEA87 /* Rainbow Road */ = {
			isa = PBXGroup;
			children = (
				84E0DD5F1FAFFE1100DEEA87 /* AppDelegate.swift */,
				84E0DD611FAFFE1100DEEA87 /* ViewController.swift */,
				84E0DD631FAFFE1100DEEA87 /* Main.storyboard */,
				84E0DD661FAFFE1100DEEA87 /* Assets.xcassets */,
				84E0DD681FAFFE1100DEEA87 /* LaunchScreen.storyboard */,
				84E0DD6B1FAFFE1100DEEA87 /* Info.plist */,
			);
			path = "Rainbow Road";
			sourceTree = "<group>";
		};
		84E0DD731FAFFE1100DEEA87 /* Rainbow RoadTests */ = {
			isa = PBXGroup;
			children = (
				84E0DD741FAFFE1100DEEA87 /* Rainbow_RoadTests.swift */,
				84E0DD761FAFFE1100DEEA87 /* Info.plist */,
			);
			path = "Rainbow RoadTests";
			sourceTree = "<group>";
		};
		84E0DD7E1FAFFE1100DEEA87 /* Rainbow RoadUITests */ = {
			isa = PBXGroup;
			children = (
				84E0DD7F1FAFFE1100DEEA87 /* Rainbow_RoadUITests.swift */,
				84E0DD811FAFFE1100DEEA87 /* Info.plist */,
			);
			path = "Rainbow RoadUITests";
			sourceTree = "<group>";
		};
/* End PBXGroup section */

/* Begin PBXNativeTarget section */
		84E0DD5B1FAFFE1100DEEA87 /* Rainbow Road */ = {
			isa = PBXNativeTarget;
			buildConfigurationList = 84E0DD841FAFFE1100DEEA87 /* Build configuration list for PBXNativeTarget "Rainbow Road" */;
			buildPhases = (
				84E0DD581FAFFE1100DEEA87 /* Sources */,
				84E0DD591FAFFE1100DEEA87 /* Frameworks */,
				84E0DD5A1FAFFE1100DEEA87 /* Resources */,
			);
			buildRules = (
			);
			dependencies = (
			);
			name = "Rainbow Road";
			productName = "Rainbow Road";
			productReference = 84E0DD5C1FAFFE1100DEEA87 /* Rainbow Road.app */;
			productType = "com.apple.product-type.application";
		};
		84E0DD6F1FAFFE1100DEEA87 /* Rainbow RoadTests */ = {
			isa = PBXNativeTarget;
			buildConfigurationList = 84E0DD871FAFFE1100DEEA87 /* Build configuration list for PBXNativeTarget "Rainbow RoadTests" */;
			buildPhases = (
				84E0DD6C1FAFFE1100DEEA87 /* Sources */,
				84E0DD6D1FAFFE1100DEEA87 /* Frameworks */,
				84E0DD6E1FAFFE1100DEEA87 /* Resources */,
			);
			buildRules = (
			);
			dependencies = (
				84E0DD721FAFFE1100DEEA87 /* PBXTargetDependency */,
			);
			name = "Rainbow RoadTests";
			productName = "Rainbow RoadTests";
			productReference = 84E0DD701FAFFE1100DEEA87 /* Rainbow RoadTests.xctest */;
			productType = "com.apple.product-type.bundle.unit-test";
		};
		84E0DD7A1FAFFE1100DEEA87 /* Rainbow RoadUITests */ = {
			isa = PBXNativeTarget;
			buildConfigurationList = 84E0DD8A1FAFFE1100DEEA87 /* Build configuration list for PBXNativeTarget "Rainbow RoadUITests" */;
			buildPhases = (
				84E0DD771FAFFE1100DEEA87 /* Sources */,
				84E0DD781FAFFE1100DEEA87 /* Frameworks */,
				84E0DD791FAFFE1100DEEA87 /* Resources */,
			);
			buildRules = (
			);
			dependencies = (
				84E0DD7D1FAFFE1100DEEA87 /* PBXTargetDependency */,
			);
			name = "Rainbow RoadUITests";
			productName = "Rainbow RoadUITests";
			productReference = 84E0DD7B1FAFFE1100DEEA87 /* Rainbow RoadUITests.xctest */;
			productType = "com.apple.product-type.bundle.ui-testing";
		};
/* End PBXNativeTarget section */

/* Begin PBXProject section */
		84E0DD541FAFFE1100DEEA87 /* Project object */ = {
			isa = PBXProject;
			attributes = {
				LastSwiftUpdateCheck = 0900;
				LastUpgradeCheck = 0900;
				ORGANIZATIONNAME = Admin;
				TargetAttributes = {
					84E0DD5B1FAFFE1100DEEA87 = {
						CreatedOnToolsVersion = 9.0.1;
						ProvisioningStyle = Automatic;
					};
					84E0DD6F1FAFFE1100DEEA87 = {
						CreatedOnToolsVersion = 9.0.1;
						ProvisioningStyle = Automatic;
						TestTargetID = 84E0DD5B1FAFFE1100DEEA87;
					};
					84E0DD7A1FAFFE1100DEEA87 = {
						CreatedOnToolsVersion = 9.0.1;
						ProvisioningStyle = Automatic;
						TestTargetID = 84E0DD5B1FAFFE1100DEEA87;
					};
				};
			};
			buildConfigurationList = 84E0DD571FAFFE1100DEEA87 /* Build configuration list for PBXProject "Rainbow Road" */;
			compatibilityVersion = "Xcode 8.0";
			developmentRegion = en;
			hasScannedForEncodings = 0;
			knownRegions = (
				en,
				Base,
			);
			mainGroup = 84E0DD531FAFFE1100DEEA87;
			productRefGroup = 84E0DD5D1FAFFE1100DEEA87 /* Products */;
			projectDirPath = "";
			projectRoot = "";
			targets = (
				84E0DD5B1FAFFE1100DEEA87 /* Rainbow Road */,
				84E0DD6F1FAFFE1100DEEA87 /* Rainbow RoadTests */,
				84E0DD7A1FAFFE1100DEEA87 /* Rainbow RoadUITests */,
			);
		};
/* End PBXProject section */

/* Begin PBXResourcesBuildPhase section */
		84E0DD5A1FAFFE1100DEEA87 /* Resources */ = {
			isa = PBXResourcesBuildPhase;
			buildActionMask = 2147483647;
			files = (
				84E0DD6A1FAFFE1100DEEA87 /* LaunchScreen.storyboard in Resources */,
				84E0DD671FAFFE1100DEEA87 /* Assets.xcassets in Resources */,
				84E0DD651FAFFE1100DEEA87 /* Main.storyboard in Resources */,
			);
			runOnlyForDeploymentPostprocessing = 0;
		};
		84E0DD6E1FAFFE1100DEEA87 /* Resources */ = {
			isa = PBXResourcesBuildPhase;
			buildActionMask = 2147483647;
			files = (
			);
			runOnlyForDeploymentPostprocessing = 0;
		};
		84E0DD791FAFFE1100DEEA87 /* Resources */ = {
			isa = PBXResourcesBuildPhase;
			buildActionMask = 2147483647;
			files = (
			);
			runOnlyForDeploymentPostprocessing = 0;
		};
/* End PBXResourcesBuildPhase section */

/* Begin PBXSourcesBuildPhase section */
		84E0DD581FAFFE1100DEEA87 /* Sources */ = {
			isa = PBXSourcesBuildPhase;
			buildActionMask = 2147483647;
			files = (
				84E0DD621FAFFE1100DEEA87 /* ViewController.swift in Sources */,
				84E0DD601FAFFE1100DEEA87 /* AppDelegate.swift in Sources */,
			);
			runOnlyForDeploymentPostprocessing = 0;
		};
		84E0DD6C1FAFFE1100DEEA87 /* Sources */ = {
			isa = PBXSourcesBuildPhase;
			buildActionMask = 2147483647;
			files = (
				84E0DD751FAFFE1100DEEA87 /* Rainbow_RoadTests.swift in Sources */,
			);
			runOnlyForDeploymentPostprocessing = 0;
		};
		84E0DD771FAFFE1100DEEA87 /* Sources */ = {
			isa = PBXSourcesBuildPhase;
			buildActionMask = 2147483647;
			files = (
				84E0DD801FAFFE1100DEEA87 /* Rainbow_RoadUITests.swift in Sources */,
			);
			runOnlyForDeploymentPostprocessing = 0;
		};
/* End PBXSourcesBuildPhase section */

/* Begin PBXTargetDependency section */
		84E0DD721FAFFE1100DEEA87 /* PBXTargetDependency */ = {
			isa = PBXTargetDependency;
			target = 84E0DD5B1FAFFE1100DEEA87 /* Rainbow Road */;
			targetProxy = 84E0DD711FAFFE1100DEEA87 /* PBXContainerItemProxy */;
		};
		84E0DD7D1FAFFE1100DEEA87 /* PBXTargetDependency */ = {
			isa = PBXTargetDependency;
			target = 84E0DD5B1FAFFE1100DEEA87 /* Rainbow Road */;
			targetProxy = 84E0DD7C1FAFFE1100DEEA87 /* PBXContainerItemProxy */;
		};
/* End PBXTargetDependency section */

/* Begin PBXVariantGroup section */
		84E0DD631FAFFE1100DEEA87 /* Main.storyboard */ = {
			isa = PBXVariantGroup;
			children = (
				84E0DD641FAFFE1100DEEA87 /* Base */,
			);
			name = Main.storyboard;
			sourceTree = "<group>";
		};
		84E0DD681FAFFE1100DEEA87 /* LaunchScreen.storyboard */ = {
			isa = PBXVariantGroup;
			children = (
				84E0DD691FAFFE1100DEEA87 /* Base */,
			);
			name = LaunchScreen.storyboard;
			sourceTree = "<group>";
		};
/* End PBXVariantGroup section */

/* Begin XCBuildConfiguration section */
		84E0DD821FAFFE1100DEEA87 /* Debug */ = {
			isa = XCBuildConfiguration;
			buildSettings = {
				ALWAYS_SEARCH_USER_PATHS = NO;
				CLANG_ANALYZER_NONNULL = YES;
				CLANG_ANALYZER_NUMBER_OBJECT_CONVERSION = YES_AGGRESSIVE;
				CLANG_CXX_LANGUAGE_STANDARD = "gnu++14";
				CLANG_CXX_LIBRARY = "libc++";
				CLANG_ENABLE_MODULES = YES;
				CLANG_ENABLE_OBJC_ARC = YES;
				CLANG_WARN_BLOCK_CAPTURE_AUTORELEASING = YES;
				CLANG_WARN_BOOL_CONVERSION = YES;
				CLANG_WARN_COMMA = YES;
				CLANG_WARN_CONSTANT_CONVERSION = YES;
				CLANG_WARN_DIRECT_OBJC_ISA_USAGE = YES_ERROR;
				CLANG_WARN_DOCUMENTATION_COMMENTS = YES;
				CLANG_WARN_EMPTY_BODY = YES;
				CLANG_WARN_ENUM_CONVERSION = YES;
				CLANG_WARN_INFINITE_RECURSION = YES;
				CLANG_WARN_INT_CONVERSION = YES;
				CLANG_WARN_NON_LITERAL_NULL_CONVERSION = YES;
				CLANG_WARN_OBJC_LITERAL_CONVERSION = YES;
				CLANG_WARN_OBJC_ROOT_CLASS = YES_ERROR;
				CLANG_WARN_RANGE_LOOP_ANALYSIS = YES;
				CLANG_WARN_STRICT_PROTOTYPES = YES;
				CLANG_WARN_SUSPICIOUS_MOVE = YES;
				CLANG_WARN_UNGUARDED_AVAILABILITY = YES_AGGRESSIVE;
				CLANG_WARN_UNREACHABLE_CODE = YES;
				CLANG_WARN__DUPLICATE_METHOD_MATCH = YES;
				CODE_SIGN_IDENTITY = "iPhone Developer";
				COPY_PHASE_STRIP = NO;
				DEBUG_INFORMATION_FORMAT = dwarf;
				ENABLE_STRICT_OBJC_MSGSEND = YES;
				ENABLE_TESTABILITY = YES;
				GCC_C_LANGUAGE_STANDARD = gnu11;
				GCC_DYNAMIC_NO_PIC = NO;
				GCC_NO_COMMON_BLOCKS = YES;
				GCC_OPTIMIZATION_LEVEL = 0;
				GCC_PREPROCESSOR_DEFINITIONS = (
					"DEBUG=1",
					"$(inherited)",
				);
				GCC_WARN_64_TO_32_BIT_CONVERSION = YES;
				GCC_WARN_ABOUT_RETURN_TYPE = YES_ERROR;
				GCC_WARN_UNDECLARED_SELECTOR = YES;
				GCC_WARN_UNINITIALIZED_AUTOS = YES_AGGRESSIVE;
				GCC_WARN_UNUSED_FUNCTION = YES;
				GCC_WARN_UNUSED_VARIABLE = YES;
				IPHONEOS_DEPLOYMENT_TARGET = 11.0;
				MTL_ENABLE_DEBUG_INFO = YES;
				ONLY_ACTIVE_ARCH = YES;
				SDKROOT = iphoneos;
				SWIFT_ACTIVE_COMPILATION_CONDITIONS = DEBUG;
				SWIFT_OPTIMIZATION_LEVEL = "-Onone";
			};
			name = Debug;
		};
		84E0DD831FAFFE1100DEEA87 /* Release */ = {
			isa = XCBuildConfiguration;
			buildSettings = {
				ALWAYS_SEARCH_USER_PATHS = NO;
				CLANG_ANALYZER_NONNULL = YES;
				CLANG_ANALYZER_NUMBER_OBJECT_CONVERSION = YES_AGGRESSIVE;
				CLANG_CXX_LANGUAGE_STANDARD = "gnu++14";
				CLANG_CXX_LIBRARY = "libc++";
				CLANG_ENABLE_MODULES = YES;
				CLANG_ENABLE_OBJC_ARC = YES;
				CLANG_WARN_BLOCK_CAPTURE_AUTORELEASING = YES;
				CLANG_WARN_BOOL_CONVERSION = YES;
				CLANG_WARN_COMMA = YES;
				CLANG_WARN_CONSTANT_CONVERSION = YES;
				CLANG_WARN_DIRECT_OBJC_ISA_USAGE = YES_ERROR;
				CLANG_WARN_DOCUMENTATION_COMMENTS = YES;
				CLANG_WARN_EMPTY_BODY = YES;
				CLANG_WARN_ENUM_CONVERSION = YES;
				CLANG_WARN_INFINITE_RECURSION = YES;
				CLANG_WARN_INT_CONVERSION = YES;
				CLANG_WARN_NON_LITERAL_NULL_CONVERSION = YES;
				CLANG_WARN_OBJC_LITERAL_CONVERSION = YES;
				CLANG_WARN_OBJC_ROOT_CLASS = YES_ERROR;
				CLANG_WARN_RANGE_LOOP_ANALYSIS = YES;
				CLANG_WARN_STRICT_PROTOTYPES = YES;
				CLANG_WARN_SUSPICIOUS_MOVE = YES;
				CLANG_WARN_UNGUARDED_AVAILABILITY = YES_AGGRESSIVE;
				CLANG_WARN_UNREACHABLE_CODE = YES;
				CLANG_WARN__DUPLICATE_METHOD_MATCH = YES;
				CODE_SIGN_IDENTITY = "iPhone Developer";
				COPY_PHASE_STRIP = NO;
				DEBUG_INFORMATION_FORMAT = "dwarf-with-dsym";
				ENABLE_NS_ASSERTIONS = NO;
				ENABLE_STRICT_OBJC_MSGSEND = YES;
				GCC_C_LANGUAGE_STANDARD = gnu11;
				GCC_NO_COMMON_BLOCKS = YES;
				GCC_WARN_64_TO_32_BIT_CONVERSION = YES;
				GCC_WARN_ABOUT_RETURN_TYPE = YES_ERROR;
				GCC_WARN_UNDECLARED_SELECTOR = YES;
				GCC_WARN_UNINITIALIZED_AUTOS = YES_AGGRESSIVE;
				GCC_WARN_UNUSED_FUNCTION = YES;
				GCC_WARN_UNUSED_VARIABLE = YES;
				IPHONEOS_DEPLOYMENT_TARGET = 11.0;
				MTL_ENABLE_DEBUG_INFO = NO;
				SDKROOT = iphoneos;
				SWIFT_OPTIMIZATION_LEVEL = "-Owholemodule";
				VALIDATE_PRODUCT = YES;
			};
			name = Release;
		};
		84E0DD851FAFFE1100DEEA87 /* Debug */ = {
			isa = XCBuildConfiguration;
			buildSettings = {
				ASSETCATALOG_COMPILER_APPICON_NAME = AppIcon;
				CODE_SIGN_STYLE = Automatic;
				DEVELOPMENT_TEAM = UW4L9B5JK4;
				INFOPLIST_FILE = "Rainbow Road/Info.plist";
				LD_RUNPATH_SEARCH_PATHS = "$(inherited) @executable_path/Frameworks";
				PRODUCT_BUNDLE_IDENTIFIER = "dojo.Rainbow-Road";
				PRODUCT_NAME = "$(TARGET_NAME)";
				SWIFT_VERSION = 4.0;
				TARGETED_DEVICE_FAMILY = "1,2";
			};
			name = Debug;
		};
		84E0DD861FAFFE1100DEEA87 /* Release */ = {
			isa = XCBuildConfiguration;
			buildSettings = {
				ASSETCATALOG_COMPILER_APPICON_NAME = AppIcon;
				CODE_SIGN_STYLE = Automatic;
				DEVELOPMENT_TEAM = UW4L9B5JK4;
				INFOPLIST_FILE = "Rainbow Road/Info.plist";
				LD_RUNPATH_SEARCH_PATHS = "$(inherited) @executable_path/Frameworks";
				PRODUCT_BUNDLE_IDENTIFIER = "dojo.Rainbow-Road";
				PRODUCT_NAME = "$(TARGET_NAME)";
				SWIFT_VERSION = 4.0;
				TARGETED_DEVICE_FAMILY = "1,2";
			};
			name = Release;
		};
		84E0DD881FAFFE1100DEEA87 /* Debug */ = {
			isa = XCBuildConfiguration;
			buildSettings = {
				ALWAYS_EMBED_SWIFT_STANDARD_LIBRARIES = YES;
				BUNDLE_LOADER = "$(TEST_HOST)";
				CODE_SIGN_STYLE = Automatic;
				DEVELOPMENT_TEAM = UW4L9B5JK4;
				INFOPLIST_FILE = "Rainbow RoadTests/Info.plist";
				LD_RUNPATH_SEARCH_PATHS = "$(inherited) @executable_path/Frameworks @loader_path/Frameworks";
				PRODUCT_BUNDLE_IDENTIFIER = "dojo.Rainbow-RoadTests";
				PRODUCT_NAME = "$(TARGET_NAME)";
				SWIFT_VERSION = 4.0;
				TARGETED_DEVICE_FAMILY = "1,2";
				TEST_HOST = "$(BUILT_PRODUCTS_DIR)/Rainbow Road.app/Rainbow Road";
			};
			name = Debug;
		};
		84E0DD891FAFFE1100DEEA87 /* Release */ = {
			isa = XCBuildConfiguration;
			buildSettings = {
				ALWAYS_EMBED_SWIFT_STANDARD_LIBRARIES = YES;
				BUNDLE_LOADER = "$(TEST_HOST)";
				CODE_SIGN_STYLE = Automatic;
				DEVELOPMENT_TEAM = UW4L9B5JK4;
				INFOPLIST_FILE = "Rainbow RoadTests/Info.plist";
				LD_RUNPATH_SEARCH_PATHS = "$(inherited) @executable_path/Frameworks @loader_path/Frameworks";
				PRODUCT_BUNDLE_IDENTIFIER = "dojo.Rainbow-RoadTests";
				PRODUCT_NAME = "$(TARGET_NAME)";
				SWIFT_VERSION = 4.0;
				TARGETED_DEVICE_FAMILY = "1,2";
				TEST_HOST = "$(BUILT_PRODUCTS_DIR)/Rainbow Road.app/Rainbow Road";
			};
			name = Release;
		};
		84E0DD8B1FAFFE1100DEEA87 /* Debug */ = {
			isa = XCBuildConfiguration;
			buildSettings = {
				ALWAYS_EMBED_SWIFT_STANDARD_LIBRARIES = YES;
				CODE_SIGN_STYLE = Automatic;
				DEVELOPMENT_TEAM = UW4L9B5JK4;
				INFOPLIST_FILE = "Rainbow RoadUITests/Info.plist";
				LD_RUNPATH_SEARCH_PATHS = "$(inherited) @executable_path/Frameworks @loader_path/Frameworks";
				PRODUCT_BUNDLE_IDENTIFIER = "dojo.Rainbow-RoadUITests";
				PRODUCT_NAME = "$(TARGET_NAME)";
				SWIFT_VERSION = 4.0;
				TARGETED_DEVICE_FAMILY = "1,2";
				TEST_TARGET_NAME = "Rainbow Road";
			};
			name = Debug;
		};
		84E0DD8C1FAFFE1100DEEA87 /* Release */ = {
			isa = XCBuildConfiguration;
			buildSettings = {
				ALWAYS_EMBED_SWIFT_STANDARD_LIBRARIES = YES;
				CODE_SIGN_STYLE = Automatic;
				DEVELOPMENT_TEAM = UW4L9B5JK4;
				INFOPLIST_FILE = "Rainbow RoadUITests/Info.plist";
				LD_RUNPATH_SEARCH_PATHS = "$(inherited) @executable_path/Frameworks @loader_path/Frameworks";
				PRODUCT_BUNDLE_IDENTIFIER = "dojo.Rainbow-RoadUITests";
				PRODUCT_NAME = "$(TARGET_NAME)";
				SWIFT_VERSION = 4.0;
				TARGETED_DEVICE_FAMILY = "1,2";
				TEST_TARGET_NAME = "Rainbow Road";
			};
			name = Release;
		};
/* End XCBuildConfiguration section */

/* Begin XCConfigurationList section */
		84E0DD571FAFFE1100DEEA87 /* Build configuration list for PBXProject "Rainbow Road" */ = {
			isa = XCConfigurationList;
			buildConfigurations = (
				84E0DD821FAFFE1100DEEA87 /* Debug */,
				84E0DD831FAFFE1100DEEA87 /* Release */,
			);
			defaultConfigurationIsVisible = 0;
			defaultConfigurationName = Release;
		};
		84E0DD841FAFFE1100DEEA87 /* Build configuration list for PBXNativeTarget "Rainbow Road" */ = {
			isa = XCConfigurationList;
			buildConfigurations = (
				84E0DD851FAFFE1100DEEA87 /* Debug */,
				84E0DD861FAFFE1100DEEA87 /* Release */,
			);
			defaultConfigurationIsVisible = 0;
			defaultConfigurationName = Release;
		};
		84E0DD871FAFFE1100DEEA87 /* Build configuration list for PBXNativeTarget "Rainbow RoadTests" */ = {
			isa = XCConfigurationList;
			buildConfigurations = (
				84E0DD881FAFFE1100DEEA87 /* Debug */,
				84E0DD891FAFFE1100DEEA87 /* Release */,
			);
			defaultConfigurationIsVisible = 0;
			defaultConfigurationName = Release;
		};
		84E0DD8A1FAFFE1100DEEA87 /* Build configuration list for PBXNativeTarget "Rainbow RoadUITests" */ = {
			isa = XCConfigurationList;
			buildConfigurations = (
				84E0DD8B1FAFFE1100DEEA87 /* Debug */,
				84E0DD8C1FAFFE1100DEEA87 /* Release */,
			);
			defaultConfigurationIsVisible = 0;
			defaultConfigurationName = Release;
		};
/* End XCConfigurationList section */
	};
	rootObject = 84E0DD541FAFFE1100DEEA87 /* Project object */;
}
